
Microsoft Visual Studio Solution File, Format Version 12.00
# Visual Studio 15
VisualStudioVersion = 15.0.26730.3
MinimumVisualStudioVersion = 10.0.40219.1
Project("{FAE04EC0-301F-11D3-BF4B-00C04F79EFBC}") = "Demo_Nmm_Xml.Percistence", "Demo_Nmm_Xml.Percistence\Demo_Nmm_Xml.Percistence.csproj", "{B85D592A-8B8A-47C1-A67A-4198A4664DB9}"
EndProject
Project("{FAE04EC0-301F-11D3-BF4B-00C04F79EFBC}") = "Demo_Nmm_Xml", "Demo_Nmm_Xml\Demo_Nmm_Xml.csproj", "{770EC3EB-79EC-45A2-85DD-2171602D9909}"
EndProject
Project("{FAE04EC0-301F-11D3-BF4B-00C04F79EFBC}") = "Reptiles_Xml", "Reptiles_Xml\Reptiles_Xml.csproj", "{C5BB4914-EC9F-47F8-A9FD-EE68810EF4F8}"
EndProject
Global
	GlobalSection(SolutionConfigurationPlatforms) = preSolution
		Debug|Any CPU = Debug|Any CPU
		Release|Any CPU = Release|Any CPU
	EndGlobalSection
	GlobalSection(ProjectConfigurationPlatforms) = postSolution
		{B85D592A-8B8A-47C1-A67A-4198A4664DB9}.Debug|Any CPU.ActiveCfg = Debug|Any CPU
		{B85D592A-8B8A-47C1-A67A-4198A4664DB9}.Debug|Any CPU.Build.0 = Debug|Any CPU
		{B85D592A-8B8A-47C1-A67A-4198A4664DB9}.Release|Any CPU.ActiveCfg = Release|Any CPU
		{B85D592A-8B8A-47C1-A67A-4198A4664DB9}.Release|Any CPU.Build.0 = Release|Any CPU
		{770EC3EB-79EC-45A2-85DD-2171602D9909}.Debug|Any CPU.ActiveCfg = Debug|Any CPU
		{770EC3EB-79EC-45A2-85DD-2171602D9909}.Debug|Any CPU.Build.0 = Debug|Any CPU
		{770EC3EB-79EC-45A2-85DD-2171602D9909}.Release|Any CPU.ActiveCfg = Release|Any CPU
		{770EC3EB-79EC-45A2-85DD-2171602D9909}.Release|Any CPU.Build.0 = Release|Any CPU
		{C5BB4914-EC9F-47F8-A9FD-EE68810EF4F8}.Debug|Any CPU.ActiveCfg = Debug|Any CPU
		{C5BB4914-EC9F-47F8-A9FD-EE68810EF4F8}.Debug|Any CPU.Build.0 = Debug|Any CPU
		{C5BB4914-EC9F-47F8-A9FD-EE68810EF4F8}.Release|Any CPU.ActiveCfg = Release|Any CPU
		{C5BB4914-EC9F-47F8-A9FD-EE68810EF4F8}.Release|Any CPU.Build.0 = Release|Any CPU
	EndGlobalSection
	GlobalSection(SolutionProperties) = preSolution
		HideSolutionNode = FALSE
	EndGlobalSection
	GlobalSection(ExtensibilityGlobals) = postSolution
		SolutionGuid = {C1DAE2AC-FC3C-4847-B187-7FCB47541F8F}
	EndGlobalSection
EndGlobal
